// !$*UTF8*$!
{
	archiveVersion = 1;
	classes = {
	};
	objectVersion = 46;
	objects = {

/* Begin PBXBuildFile section */
		3865304A36BC3F2553C6D618 /* CEPlayer.m in Sources */ = {isa = PBXBuildFile; fileRef = 386535195BA7D61FE9632E81 /* CEPlayer.m */; };
		3865327887E9AE6398B6D33C /* CEHackView.m in Sources */ = {isa = PBXBuildFile; fileRef = 38653A3709BCC63681149DDA /* CEHackView.m */; };
		386534465CA42F0517112FC7 /* CEPlayerResponseHandler.m in Sources */ = {isa = PBXBuildFile; fileRef = 38653CC89CD742DBE1298E9B /* CEPlayerResponseHandler.m */; };
		3865382DC40B8B0C7A3CB9FC /* CEHackViewController.m in Sources */ = {isa = PBXBuildFile; fileRef = 3865331778EEC45763CB515C /* CEHackViewController.m */; };
		63D834C3480CF55C7CAB114F /* Images.xcassets in Resources */ = {isa = PBXBuildFile; fileRef = 63D839434FA65B324E2969F7 /* Images.xcassets */; };
		63D837E9EB567BF66BC9B1B1 /* UIKit.framework in Frameworks */ = {isa = PBXBuildFile; fileRef = 63D833CD2326DC28A477986E /* UIKit.framework */; };
		63D83ACF254A4DE0F4BAF5DE /* CERootView.m in Sources */ = {isa = PBXBuildFile; fileRef = 63D83B4DE7474FD7C33E1CB0 /* CERootView.m */; };
		63D83AE09FE475F133AF8F3A /* CEAppDelegate.m in Sources */ = {isa = PBXBuildFile; fileRef = 63D83D2BC6ADD01A1D579B79 /* CEAppDelegate.m */; };
		63D83BA1C86E071AE51C65B1 /* CoreGraphics.framework in Frameworks */ = {isa = PBXBuildFile; fileRef = 63D8344919A2D23B28F57F59 /* CoreGraphics.framework */; };
		63D83BF8A4369D91BF3B09BA /* InfoPlist.strings in Resources */ = {isa = PBXBuildFile; fileRef = 63D83C1279B7236A5ABE029B /* InfoPlist.strings */; };
		63D83C3988812C0CD92E5224 /* Foundation.framework in Frameworks */ = {isa = PBXBuildFile; fileRef = 63D8308AF5BDB5F2FEF2C9E6 /* Foundation.framework */; };
		63D83F135E8AC753B8A39252 /* CERootViewController.m in Sources */ = {isa = PBXBuildFile; fileRef = 63D83B93B032D12E735171CA /* CERootViewController.m */; };
		63D83F67005A7759FBA3A084 /* main.m in Sources */ = {isa = PBXBuildFile; fileRef = 63D83BF3335B8A09BCFB5F7A /* main.m */; };
		C0AA5E6B184A01C90086CC39 /* GameKit.framework in Frameworks */ = {isa = PBXBuildFile; fileRef = C0AA5E6A184A01C90086CC39 /* GameKit.framework */; };
		C0AA5E6C184A2FAE0086CC39 /* libEstimoteSDK7.a in Frameworks */ = {isa = PBXBuildFile; fileRef = 67986484184A118A0091B68B /* libEstimoteSDK7.a */; };
/* End PBXBuildFile section */

/* Begin PBXFileReference section */
		3865331778EEC45763CB515C /* CEHackViewController.m */ = {isa = PBXFileReference; fileEncoding = 4; lastKnownFileType = sourcecode.c.objc; path = CEHackViewController.m; sourceTree = "<group>"; };
		386535195BA7D61FE9632E81 /* CEPlayer.m */ = {isa = PBXFileReference; fileEncoding = 4; lastKnownFileType = sourcecode.c.objc; path = CEPlayer.m; sourceTree = "<group>"; };
		38653A3709BCC63681149DDA /* CEHackView.m */ = {isa = PBXFileReference; fileEncoding = 4; lastKnownFileType = sourcecode.c.objc; path = CEHackView.m; sourceTree = "<group>"; };
		38653B495C4AE057ADDC4F47 /* CEHackView.h */ = {isa = PBXFileReference; fileEncoding = 4; lastKnownFileType = sourcecode.c.h; path = CEHackView.h; sourceTree = "<group>"; };
		38653BD4162BAC03231880F7 /* CEPlayerResponseHandler.h */ = {isa = PBXFileReference; fileEncoding = 4; lastKnownFileType = sourcecode.c.h; path = CEPlayerResponseHandler.h; sourceTree = "<group>"; };
		38653CC89CD742DBE1298E9B /* CEPlayerResponseHandler.m */ = {isa = PBXFileReference; fileEncoding = 4; lastKnownFileType = sourcecode.c.objc; path = CEPlayerResponseHandler.m; sourceTree = "<group>"; };
		38653E405CC0A10CA488957D /* CEHackViewController.h */ = {isa = PBXFileReference; fileEncoding = 4; lastKnownFileType = sourcecode.c.h; path = CEHackViewController.h; sourceTree = "<group>"; };
		38653F2574D933F93F7DDB6A /* CEPlayer.h */ = {isa = PBXFileReference; fileEncoding = 4; lastKnownFileType = sourcecode.c.h; path = CEPlayer.h; sourceTree = "<group>"; };
		63D8308AF5BDB5F2FEF2C9E6 /* Foundation.framework */ = {isa = PBXFileReference; lastKnownFileType = wrapper.framework; name = Foundation.framework; path = System/Library/Frameworks/Foundation.framework; sourceTree = SDKROOT; };
		63D833CD2326DC28A477986E /* UIKit.framework */ = {isa = PBXFileReference; lastKnownFileType = wrapper.framework; name = UIKit.framework; path = System/Library/Frameworks/UIKit.framework; sourceTree = SDKROOT; };
		63D8344919A2D23B28F57F59 /* CoreGraphics.framework */ = {isa = PBXFileReference; lastKnownFileType = wrapper.framework; name = CoreGraphics.framework; path = System/Library/Frameworks/CoreGraphics.framework; sourceTree = SDKROOT; };
		63D835131B0712276DE5FDCE /* CERootViewController.h */ = {isa = PBXFileReference; fileEncoding = 4; lastKnownFileType = sourcecode.c.h; path = CERootViewController.h; sourceTree = "<group>"; };
		63D8386898D735E10A7359CA /* CEAppDelegate.h */ = {isa = PBXFileReference; lastKnownFileType = sourcecode.c.h; path = CEAppDelegate.h; sourceTree = "<group>"; };
		63D839434FA65B324E2969F7 /* Images.xcassets */ = {isa = PBXFileReference; lastKnownFileType = folder.assetcatalog; path = Images.xcassets; sourceTree = "<group>"; };
		63D8399C792BE196B3C6DCD4 /* CERootView.h */ = {isa = PBXFileReference; fileEncoding = 4; lastKnownFileType = sourcecode.c.h; path = CERootView.h; sourceTree = "<group>"; };
		63D839B417409C4E92D6CA54 /* CaptureEstimote-Info.plist */ = {isa = PBXFileReference; lastKnownFileType = text.plist.info; path = "CaptureEstimote-Info.plist"; sourceTree = "<group>"; };
		63D83A0B435C2C7D76D6DB64 /* CaptureEstimote.app */ = {isa = PBXFileReference; explicitFileType = wrapper.application; includeInIndex = 0; path = CaptureEstimote.app; sourceTree = BUILT_PRODUCTS_DIR; };
		63D83A4170C443D2C8F6F1F2 /* CaptureEstimote-Prefix.pch */ = {isa = PBXFileReference; lastKnownFileType = sourcecode.c.h; path = "CaptureEstimote-Prefix.pch"; sourceTree = "<group>"; };
		63D83B4DE7474FD7C33E1CB0 /* CERootView.m */ = {isa = PBXFileReference; fileEncoding = 4; lastKnownFileType = sourcecode.c.objc; path = CERootView.m; sourceTree = "<group>"; };
		63D83B93B032D12E735171CA /* CERootViewController.m */ = {isa = PBXFileReference; fileEncoding = 4; lastKnownFileType = sourcecode.c.objc; path = CERootViewController.m; sourceTree = "<group>"; };
		63D83BF3335B8A09BCFB5F7A /* main.m */ = {isa = PBXFileReference; lastKnownFileType = sourcecode.c.objc; path = main.m; sourceTree = "<group>"; };
		63D83BF7CD110532A5F6B016 /* XCTest.framework */ = {isa = PBXFileReference; lastKnownFileType = wrapper.framework; name = XCTest.framework; path = Library/Frameworks/XCTest.framework; sourceTree = DEVELOPER_DIR; };
		63D83C9788C74196A16DE0F4 /* en */ = {isa = PBXFileReference; lastKnownFileType = text.plist.strings; name = en; path = en.lproj/InfoPlist.strings; sourceTree = "<group>"; };
		63D83D2BC6ADD01A1D579B79 /* CEAppDelegate.m */ = {isa = PBXFileReference; lastKnownFileType = sourcecode.c.objc; path = CEAppDelegate.m; sourceTree = "<group>"; };
		67986480184A118A0091B68B /* ESTBeacon.h */ = {isa = PBXFileReference; fileEncoding = 4; lastKnownFileType = sourcecode.c.h; path = ESTBeacon.h; sourceTree = "<group>"; };
		67986481184A118A0091B68B /* ESTBeaconDefinitions.h */ = {isa = PBXFileReference; fileEncoding = 4; lastKnownFileType = sourcecode.c.h; path = ESTBeaconDefinitions.h; sourceTree = "<group>"; };
		67986482184A118A0091B68B /* ESTBeaconManager.h */ = {isa = PBXFileReference; fileEncoding = 4; lastKnownFileType = sourcecode.c.h; path = ESTBeaconManager.h; sourceTree = "<group>"; };
		67986483184A118A0091B68B /* ESTBeaconRegion.h */ = {isa = PBXFileReference; fileEncoding = 4; lastKnownFileType = sourcecode.c.h; path = ESTBeaconRegion.h; sourceTree = "<group>"; };
		67986484184A118A0091B68B /* libEstimoteSDK7.a */ = {isa = PBXFileReference; lastKnownFileType = archive.ar; path = libEstimoteSDK7.a; sourceTree = "<group>"; };
		C0AA5E6A184A01C90086CC39 /* GameKit.framework */ = {isa = PBXFileReference; lastKnownFileType = wrapper.framework; name = GameKit.framework; path = System/Library/Frameworks/GameKit.framework; sourceTree = SDKROOT; };
/* End PBXFileReference section */

/* Begin PBXFrameworksBuildPhase section */
		63D836AC7125FB9ED967E0C9 /* Frameworks */ = {
			isa = PBXFrameworksBuildPhase;
			buildActionMask = 2147483647;
			files = (
				C0AA5E6C184A2FAE0086CC39 /* libEstimoteSDK7.a in Frameworks */,
				C0AA5E6B184A01C90086CC39 /* GameKit.framework in Frameworks */,
				63D83C3988812C0CD92E5224 /* Foundation.framework in Frameworks */,
				63D83BA1C86E071AE51C65B1 /* CoreGraphics.framework in Frameworks */,
				63D837E9EB567BF66BC9B1B1 /* UIKit.framework in Frameworks */,
			);
			runOnlyForDeploymentPostprocessing = 0;
		};
/* End PBXFrameworksBuildPhase section */

/* Begin PBXGroup section */
		386533B40E8CEE3538935D94 /* Hack */ = {
			isa = PBXGroup;
			children = (
				3865331778EEC45763CB515C /* CEHackViewController.m */,
				38653E405CC0A10CA488957D /* CEHackViewController.h */,
				38653A3709BCC63681149DDA /* CEHackView.m */,
				38653B495C4AE057ADDC4F47 /* CEHackView.h */,
			);
			path = Hack;
			sourceTree = "<group>";
		};
		386538B079EEEC28C52C357D /* Model */ = {
			isa = PBXGroup;
			children = (
				386535195BA7D61FE9632E81 /* CEPlayer.m */,
				38653F2574D933F93F7DDB6A /* CEPlayer.h */,
			);
			path = Model;
			sourceTree = "<group>";
		};
		38653C04D0F08868691F3A1A /* Response handlers */ = {
			isa = PBXGroup;
			children = (
				38653CC89CD742DBE1298E9B /* CEPlayerResponseHandler.m */,
				38653BD4162BAC03231880F7 /* CEPlayerResponseHandler.h */,
			);
			path = "Response handlers";
			sourceTree = "<group>";
		};
		63D832160305A3F520CC2A87 /* Frameworks */ = {
			isa = PBXGroup;
			children = (
				C0AA5E6A184A01C90086CC39 /* GameKit.framework */,
				63D8308AF5BDB5F2FEF2C9E6 /* Foundation.framework */,
				63D8344919A2D23B28F57F59 /* CoreGraphics.framework */,
				63D833CD2326DC28A477986E /* UIKit.framework */,
				63D83BF7CD110532A5F6B016 /* XCTest.framework */,
			);
			name = Frameworks;
			sourceTree = "<group>";
		};
		63D837D072C6170ADCBEDFA4 /* Products */ = {
			isa = PBXGroup;
			children = (
				63D83A0B435C2C7D76D6DB64 /* CaptureEstimote.app */,
			);
			name = Products;
			sourceTree = "<group>";
		};
		63D839C30A1C4759C2AFF8A7 /* CaptureEstimote */ = {
			isa = PBXGroup;
			children = (
				6798647D184A118A0091B68B /* External */,
				63D83FF73A640AE373B37BF1 /* Supporting Files */,
				63D8386898D735E10A7359CA /* CEAppDelegate.h */,
				63D83D2BC6ADD01A1D579B79 /* CEAppDelegate.m */,
				63D839434FA65B324E2969F7 /* Images.xcassets */,
				63D83ADDBB9BA182F3D39035 /* Shared */,
				38653C04D0F08868691F3A1A /* Response handlers */,
				386538B079EEEC28C52C357D /* Model */,
				386533B40E8CEE3538935D94 /* Hack */,
			);
			path = CaptureEstimote;
			sourceTree = "<group>";
		};
		63D83A6ED34EA5B275E8854D = {
			isa = PBXGroup;
			children = (
				63D837D072C6170ADCBEDFA4 /* Products */,
				63D832160305A3F520CC2A87 /* Frameworks */,
				63D839C30A1C4759C2AFF8A7 /* CaptureEstimote */,
			);
			sourceTree = "<group>";
		};
		63D83ADDBB9BA182F3D39035 /* Shared */ = {
			isa = PBXGroup;
			children = (
				63D83B93B032D12E735171CA /* CERootViewController.m */,
				63D835131B0712276DE5FDCE /* CERootViewController.h */,
				63D83B4DE7474FD7C33E1CB0 /* CERootView.m */,
				63D8399C792BE196B3C6DCD4 /* CERootView.h */,
			);
			path = Shared;
			sourceTree = "<group>";
		};
		63D83FF73A640AE373B37BF1 /* Supporting Files */ = {
			isa = PBXGroup;
			children = (
				63D839B417409C4E92D6CA54 /* CaptureEstimote-Info.plist */,
				63D83C1279B7236A5ABE029B /* InfoPlist.strings */,
				63D83BF3335B8A09BCFB5F7A /* main.m */,
				63D83A4170C443D2C8F6F1F2 /* CaptureEstimote-Prefix.pch */,
			);
			name = "Supporting Files";
			sourceTree = "<group>";
		};
		6798647D184A118A0091B68B /* External */ = {
			isa = PBXGroup;
			children = (
				6798647E184A118A0091B68B /* EstimoteSDK */,
			);
			path = External;
			sourceTree = "<group>";
		};
		6798647E184A118A0091B68B /* EstimoteSDK */ = {
			isa = PBXGroup;
			children = (
				6798647F184A118A0091B68B /* Headers */,
				67986484184A118A0091B68B /* libEstimoteSDK7.a */,
			);
			path = EstimoteSDK;
			sourceTree = "<group>";
		};
		6798647F184A118A0091B68B /* Headers */ = {
			isa = PBXGroup;
			children = (
				67986480184A118A0091B68B /* ESTBeacon.h */,
				67986481184A118A0091B68B /* ESTBeaconDefinitions.h */,
				67986482184A118A0091B68B /* ESTBeaconManager.h */,
				67986483184A118A0091B68B /* ESTBeaconRegion.h */,
			);
			path = Headers;
			sourceTree = "<group>";
		};
/* End PBXGroup section */

/* Begin PBXNativeTarget section */
		63D831234750F964A89A2AE9 /* CaptureEstimote */ = {
			isa = PBXNativeTarget;
			buildConfigurationList = 63D8390C791DFF7FDF0C923B /* Build configuration list for PBXNativeTarget "CaptureEstimote" */;
			buildPhases = (
				63D834C0B4D40079FA0EE0C2 /* Sources */,
				63D836AC7125FB9ED967E0C9 /* Frameworks */,
				63D83609DE5BE6D6D28CAE0E /* Resources */,
			);
			buildRules = (
			);
			dependencies = (
			);
			name = CaptureEstimote;
			productName = GameKitTest;
			productReference = 63D83A0B435C2C7D76D6DB64 /* CaptureEstimote.app */;
			productType = "com.apple.product-type.application";
		};
/* End PBXNativeTarget section */

/* Begin PBXProject section */
		63D83E4F4B80FA088EB687D6 /* Project object */ = {
			isa = PBXProject;
			attributes = {
				CLASSPREFIX = CE;
				LastUpgradeCheck = 0500;
				ORGANIZATIONNAME = "CaptureEstimote Corporation";
			};
			buildConfigurationList = 63D837032B054EA00E938341 /* Build configuration list for PBXProject "CaptureEstimote" */;
			compatibilityVersion = "Xcode 3.2";
			developmentRegion = English;
			hasScannedForEncodings = 0;
			knownRegions = (
				en,
			);
			mainGroup = 63D83A6ED34EA5B275E8854D;
			productRefGroup = 63D837D072C6170ADCBEDFA4 /* Products */;
			projectDirPath = "";
			projectRoot = "";
			targets = (
				63D831234750F964A89A2AE9 /* CaptureEstimote */,
			);
		};
/* End PBXProject section */

/* Begin PBXResourcesBuildPhase section */
		63D83609DE5BE6D6D28CAE0E /* Resources */ = {
			isa = PBXResourcesBuildPhase;
			buildActionMask = 2147483647;
			files = (
				63D83BF8A4369D91BF3B09BA /* InfoPlist.strings in Resources */,
				63D834C3480CF55C7CAB114F /* Images.xcassets in Resources */,
			);
			runOnlyForDeploymentPostprocessing = 0;
		};
/* End PBXResourcesBuildPhase section */

/* Begin PBXSourcesBuildPhase section */
		63D834C0B4D40079FA0EE0C2 /* Sources */ = {
			isa = PBXSourcesBuildPhase;
			buildActionMask = 2147483647;
			files = (
				63D83F67005A7759FBA3A084 /* main.m in Sources */,
				63D83AE09FE475F133AF8F3A /* CEAppDelegate.m in Sources */,
				63D83F135E8AC753B8A39252 /* CERootViewController.m in Sources */,
				63D83ACF254A4DE0F4BAF5DE /* CERootView.m in Sources */,
				386534465CA42F0517112FC7 /* CEPlayerResponseHandler.m in Sources */,
				3865304A36BC3F2553C6D618 /* CEPlayer.m in Sources */,
				3865382DC40B8B0C7A3CB9FC /* CEHackViewController.m in Sources */,
				3865327887E9AE6398B6D33C /* CEHackView.m in Sources */,
			);
			runOnlyForDeploymentPostprocessing = 0;
		};
/* End PBXSourcesBuildPhase section */

/* Begin PBXVariantGroup section */
		63D83C1279B7236A5ABE029B /* InfoPlist.strings */ = {
			isa = PBXVariantGroup;
			children = (
				63D83C9788C74196A16DE0F4 /* en */,
			);
			name = InfoPlist.strings;
			sourceTree = "<group>";
		};
/* End PBXVariantGroup section */

/* Begin XCBuildConfiguration section */
		63D830E5668EF9E828075A6C /* Debug */ = {
			isa = XCBuildConfiguration;
			buildSettings = {
				ASSETCATALOG_COMPILER_APPICON_NAME = AppIcon;
				ASSETCATALOG_COMPILER_LAUNCHIMAGE_NAME = LaunchImage;
				GCC_PRECOMPILE_PREFIX_HEADER = YES;
				GCC_PREFIX_HEADER = "CaptureEstimote/CaptureEstimote-Prefix.pch";
				HEADER_SEARCH_PATHS = (
					"$(inherited)",
					/Applications/Xcode.app/Contents/Developer/Toolchains/XcodeDefault.xctoolchain/usr/include,
					"$(SRCROOT)/**",
				);
				INFOPLIST_FILE = "CaptureEstimote/CaptureEstimote-Info.plist";
				LIBRARY_SEARCH_PATHS = (
					"$(inherited)",
					"/Users/blazejmarcinkiewicz/projects/Capture-Estimote/CaptureEstimote/External/EstimoteSDK",
					/Users/neciu/Dev/appcode/CaptureEstimote/CaptureEstimote/External/EstimoteSDK,
				);
				PRODUCT_NAME = CaptureEstimote;
				WRAPPER_EXTENSION = app;
			};
			name = Debug;
		};
		63D8366FACFBFD8CB4F652B0 /* Release */ = {
			isa = XCBuildConfiguration;
			buildSettings = {
				ASSETCATALOG_COMPILER_APPICON_NAME = AppIcon;
				ASSETCATALOG_COMPILER_LAUNCHIMAGE_NAME = LaunchImage;
				GCC_PRECOMPILE_PREFIX_HEADER = YES;
				GCC_PREFIX_HEADER = "CaptureEstimote/CaptureEstimote-Prefix.pch";
				HEADER_SEARCH_PATHS = (
					"$(inherited)",
					/Applications/Xcode.app/Contents/Developer/Toolchains/XcodeDefault.xctoolchain/usr/include,
					"$(SRCROOT)/**",
				);
				INFOPLIST_FILE = "CaptureEstimote/CaptureEstimote-Info.plist";
				LIBRARY_SEARCH_PATHS = (
					"$(inherited)",
					"/Users/blazejmarcinkiewicz/projects/Capture-Estimote/CaptureEstimote/External/EstimoteSDK",
					/Users/neciu/Dev/appcode/CaptureEstimote/CaptureEstimote/External/EstimoteSDK,
				);
				PRODUCT_NAME = CaptureEstimote;
				WRAPPER_EXTENSION = app;
			};
			name = Release;
		};
		63D83A5273D6B9F2D5D7111D /* Release */ = {
			isa = XCBuildConfiguration;
			buildSettings = {
				ALWAYS_SEARCH_USER_PATHS = NO;
				CLANG_CXX_LANGUAGE_STANDARD = "gnu++0x";
				CLANG_CXX_LIBRARY = "libc++";
				CLANG_ENABLE_MODULES = YES;
				CLANG_ENABLE_OBJC_ARC = YES;
				CLANG_WARN_BOOL_CONVERSION = YES;
				CLANG_WARN_CONSTANT_CONVERSION = YES;
				CLANG_WARN_DIRECT_OBJC_ISA_USAGE = YES_ERROR;
				CLANG_WARN_EMPTY_BODY = YES;
				CLANG_WARN_ENUM_CONVERSION = YES;
				CLANG_WARN_INT_CONVERSION = YES;
				CLANG_WARN_OBJC_ROOT_CLASS = YES_ERROR;
				CLANG_WARN__DUPLICATE_METHOD_MATCH = YES;
				"CODE_SIGN_IDENTITY[sdk=iphoneos*]" = "iPhone Developer";
				COPY_PHASE_STRIP = YES;
				ENABLE_NS_ASSERTIONS = NO;
				GCC_C_LANGUAGE_STANDARD = gnu99;
				GCC_WARN_64_TO_32_BIT_CONVERSION = YES;
				GCC_WARN_ABOUT_RETURN_TYPE = YES_ERROR;
				GCC_WARN_UNDECLARED_SELECTOR = YES;
				GCC_WARN_UNINITIALIZED_AUTOS = YES;
				GCC_WARN_UNUSED_FUNCTION = YES;
				GCC_WARN_UNUSED_VARIABLE = YES;
				IPHONEOS_DEPLOYMENT_TARGET = 7.0;
				SDKROOT = iphoneos;
				VALIDATE_PRODUCT = YES;
			};
			name = Release;
		};
		63D83EEE727B1861AE9C6056 /* Debug */ = {
			isa = XCBuildConfiguration;
			buildSettings = {
				ALWAYS_SEARCH_USER_PATHS = NO;
				CLANG_CXX_LANGUAGE_STANDARD = "gnu++0x";
				CLANG_CXX_LIBRARY = "libc++";
				CLANG_ENABLE_MODULES = YES;
				CLANG_ENABLE_OBJC_ARC = YES;
				CLANG_WARN_BOOL_CONVERSION = YES;
				CLANG_WARN_CONSTANT_CONVERSION = YES;
				CLANG_WARN_DIRECT_OBJC_ISA_USAGE = YES_ERROR;
				CLANG_WARN_EMPTY_BODY = YES;
				CLANG_WARN_ENUM_CONVERSION = YES;
				CLANG_WARN_INT_CONVERSION = YES;
				CLANG_WARN_OBJC_ROOT_CLASS = YES_ERROR;
				CLANG_WARN__DUPLICATE_METHOD_MATCH = YES;
				"CODE_SIGN_IDENTITY[sdk=iphoneos*]" = "iPhone Developer";
				COPY_PHASE_STRIP = NO;
				GCC_C_LANGUAGE_STANDARD = gnu99;
				GCC_DYNAMIC_NO_PIC = NO;
				GCC_OPTIMIZATION_LEVEL = 0;
				GCC_PREPROCESSOR_DEFINITIONS = (
					"DEBUG=1",
					"$(inherited)",
				);
				GCC_SYMBOLS_PRIVATE_EXTERN = NO;
				GCC_WARN_64_TO_32_BIT_CONVERSION = YES;
				GCC_WARN_ABOUT_RETURN_TYPE = YES_ERROR;
				GCC_WARN_UNDECLARED_SELECTOR = YES;
				GCC_WARN_UNINITIALIZED_AUTOS = YES;
				GCC_WARN_UNUSED_FUNCTION = YES;
				GCC_WARN_UNUSED_VARIABLE = YES;
				IPHONEOS_DEPLOYMENT_TARGET = 7.0;
				ONLY_ACTIVE_ARCH = YES;
				SDKROOT = iphoneos;
			};
			name = Debug;
		};
/* End XCBuildConfiguration section */

/* Begin XCConfigurationList section */
		63D837032B054EA00E938341 /* Build configuration list for PBXProject "CaptureEstimote" */ = {
			isa = XCConfigurationList;
			buildConfigurations = (
				63D83A5273D6B9F2D5D7111D /* Release */,
				63D83EEE727B1861AE9C6056 /* Debug */,
			);
			defaultConfigurationIsVisible = 0;
			defaultConfigurationName = Release;
		};
		63D8390C791DFF7FDF0C923B /* Build configuration list for PBXNativeTarget "CaptureEstimote" */ = {
			isa = XCConfigurationList;
			buildConfigurations = (
				63D8366FACFBFD8CB4F652B0 /* Release */,
				63D830E5668EF9E828075A6C /* Debug */,
			);
			defaultConfigurationIsVisible = 0;
			defaultConfigurationName = Release;
		};
/* End XCConfigurationList section */
	};
	rootObject = 63D83E4F4B80FA088EB687D6 /* Project object */;
}
